
Microsoft Visual Studio Solution File, Format Version 12.00
# Visual Studio Version 17
VisualStudioVersion = 17.11.35303.130
MinimumVisualStudioVersion = 10.0.40219.1
Project("{2150E333-8FDC-42A3-9474-1A3956D46DE8}") = "Task0", "Task0", "{A026FEA6-838F-4ECA-9DC7-23A9CC8592B8}"
EndProject
Project("{FAE04EC0-301F-11D3-BF4B-00C04F79EFBC}") = "Tyuiu.MerzhinskiyOO.Sprint4.Task0.V17", "Tyuiu.MerzhinskiyOO.Sprint4.Task0.V17\Tyuiu.MerzhinskiyOO.Sprint4.Task0.V17.csproj", "{0884E96B-DB11-41CD-9FEB-DC5D3DEE43E1}"
EndProject
Project("{FAE04EC0-301F-11D3-BF4B-00C04F79EFBC}") = "Tyuiu.MerzhinskiyOO.Sprint4.Task0.V17.Lib", "Tyuiu.MerzhinskiyOO.Sprint4.Task0.V17.Lib\Tyuiu.MerzhinskiyOO.Sprint4.Task0.V17.Lib.csproj", "{BFD851DD-67F6-47AF-A308-7BF245F2B43C}"
EndProject
Project("{FAE04EC0-301F-11D3-BF4B-00C04F79EFBC}") = "Tyuiu.MerzhinskiyOO.Sprint4.Task0.V17.Test", "Tyuiu.MerzhinskiyOO.Sprint4.Task0.V17.Test\Tyuiu.MerzhinskiyOO.Sprint4.Task0.V17.Test.csproj", "{98E3DE8C-5974-450E-90BF-9EE3CBCC6A86}"
EndProject
Project("{2150E333-8FDC-42A3-9474-1A3956D46DE8}") = "Task1", "Task1", "{5D6503ED-EFDE-4F77-9D7B-FF00AB4B6A5A}"
EndProject
Project("{FAE04EC0-301F-11D3-BF4B-00C04F79EFBC}") = "Tyuiu.MerzhinskiyOO.Sprint4.Task1.V16", "Tyuiu.MerzhinskiyOO.Sprint4.Task1.V16\Tyuiu.MerzhinskiyOO.Sprint4.Task1.V16.csproj", "{2F957461-5BE1-4FBC-9CD9-DDA81F36D493}"
EndProject
Project("{FAE04EC0-301F-11D3-BF4B-00C04F79EFBC}") = "Tyuiu.MerzhinskiyOO.Sprint4.Task1.V16.Lib", "Tyuiu.MerzhinskiyOO.Sprint4.Task1.V16.Lib\Tyuiu.MerzhinskiyOO.Sprint4.Task1.V16.Lib.csproj", "{F0535619-B870-4E1D-A740-8D507CB60E1E}"
EndProject
Project("{FAE04EC0-301F-11D3-BF4B-00C04F79EFBC}") = "Tyuiu.MerzhinskiyOO.Sprint4.Task1.V16.Test", "Tyuiu.MerzhinskiyOO.Sprint4.Task1.V16.Test\Tyuiu.MerzhinskiyOO.Sprint4.Task1.V16.Test.csproj", "{242E2C87-EC76-451B-BF4D-8B479076925F}"
EndProject
Project("{2150E333-8FDC-42A3-9474-1A3956D46DE8}") = "Task2", "Task2", "{662DF3D9-2542-4CFB-B64D-74929AF900F9}"
EndProject
Project("{FAE04EC0-301F-11D3-BF4B-00C04F79EFBC}") = "Tyuiu.MerzhinskiyOO.Sprint4.Task2.V23", "Tyuiu.MerzhinskiyOO.Sprint4.Task2.V23\Tyuiu.MerzhinskiyOO.Sprint4.Task2.V23.csproj", "{D13953CC-170F-44FC-9D4D-605C2EC9B7CA}"
EndProject
Project("{FAE04EC0-301F-11D3-BF4B-00C04F79EFBC}") = "Tyuiu.MerzhinskiyOO.Sprint4.Task2.V23.Lib", "Tyuiu.MerzhinskiyOO.Sprint4.Task2.V23.Lib\Tyuiu.MerzhinskiyOO.Sprint4.Task2.V23.Lib.csproj", "{A82833BF-5E08-4D40-A4BD-5BD9CF71A032}"
EndProject
Project("{FAE04EC0-301F-11D3-BF4B-00C04F79EFBC}") = "Tyuiu.MerzhinskiyOO.Sprint4.Task2.V23.Test", "Tyuiu.MerzhinskiyOO.Sprint4.Task2.V23.Test\Tyuiu.MerzhinskiyOO.Sprint4.Task2.V23.Test.csproj", "{90B440CB-F1E2-43B6-9803-8538FD1715A8}"
EndProject
Project("{2150E333-8FDC-42A3-9474-1A3956D46DE8}") = "Task3", "Task3", "{852E0BCF-A5E8-4915-80B2-5CC96A5FAD75}"
EndProject
Project("{FAE04EC0-301F-11D3-BF4B-00C04F79EFBC}") = "Tyuiu.MerzhinskiyOO.Sprint4.Task3.V15", "Tyuiu.MerzhinskiyOO.Sprint4.Task3.V15\Tyuiu.MerzhinskiyOO.Sprint4.Task3.V15.csproj", "{4A75FCBF-0FBB-4695-B877-11907FE8790A}"
EndProject
Project("{FAE04EC0-301F-11D3-BF4B-00C04F79EFBC}") = "Tyuiu.MerzhinskiyOO.Sprint4.Task3.V15.Lib", "Tyuiu.MerzhinskiyOO.Sprint4.Task3.V15.Lib\Tyuiu.MerzhinskiyOO.Sprint4.Task3.V15.Lib.csproj", "{C8679191-2CC5-40AB-9DEA-D08EAF1B0A0B}"
EndProject
Project("{FAE04EC0-301F-11D3-BF4B-00C04F79EFBC}") = "Tyuiu.MerzhinskiyOO.Sprint4.Task3.V15.Test", "Tyuiu.MerzhinskiyOO.Sprint4.Task3.V15.Test\Tyuiu.MerzhinskiyOO.Sprint4.Task3.V15.Test.csproj", "{966DE802-0B0D-4138-87D1-F91FFD60DD42}"
EndProject
Project("{2150E333-8FDC-42A3-9474-1A3956D46DE8}") = "Task4", "Task4", "{4D5F0DAD-E2E7-42F3-801F-F2FDF9CBEC8D}"
EndProject
Project("{FAE04EC0-301F-11D3-BF4B-00C04F79EFBC}") = "Tyuiu.MerzhinskiyOO.Sprint4.Task4.V3", "Tyuiu.MerzhinskiyOO.Sprint4.Task4.V3\Tyuiu.MerzhinskiyOO.Sprint4.Task4.V3.csproj", "{C7B004A6-8D08-482F-8BAC-ADA1CF38B71D}"
EndProject
Project("{FAE04EC0-301F-11D3-BF4B-00C04F79EFBC}") = "Tyuiu.MerzhinskiyOO.Sprint4.Task4.V3.Lib", "Tyuiu.MerzhinskiyOO.Sprint4.Task4.V3.Lib\Tyuiu.MerzhinskiyOO.Sprint4.Task4.V3.Lib.csproj", "{F042094C-D7DC-4105-8222-F4681C5B62F4}"
EndProject
Project("{FAE04EC0-301F-11D3-BF4B-00C04F79EFBC}") = "Tyuiu.MerzhinskiyOO.Sprint4.Task4.V3.Test", "Tyuiu.MerzhinskiyOO.Sprint4.Task4.V3.Test\Tyuiu.MerzhinskiyOO.Sprint4.Task4.V3.Test.csproj", "{E2F7874E-D037-490F-B8AE-7A257E2E18E6}"
EndProject
Global
	GlobalSection(SolutionConfigurationPlatforms) = preSolution
		Debug|Any CPU = Debug|Any CPU
		Release|Any CPU = Release|Any CPU
	EndGlobalSection
	GlobalSection(ProjectConfigurationPlatforms) = postSolution
		{0884E96B-DB11-41CD-9FEB-DC5D3DEE43E1}.Debug|Any CPU.ActiveCfg = Debug|Any CPU
		{0884E96B-DB11-41CD-9FEB-DC5D3DEE43E1}.Debug|Any CPU.Build.0 = Debug|Any CPU
		{0884E96B-DB11-41CD-9FEB-DC5D3DEE43E1}.Release|Any CPU.ActiveCfg = Release|Any CPU
		{0884E96B-DB11-41CD-9FEB-DC5D3DEE43E1}.Release|Any CPU.Build.0 = Release|Any CPU
		{BFD851DD-67F6-47AF-A308-7BF245F2B43C}.Debug|Any CPU.ActiveCfg = Debug|Any CPU
		{BFD851DD-67F6-47AF-A308-7BF245F2B43C}.Debug|Any CPU.Build.0 = Debug|Any CPU
		{BFD851DD-67F6-47AF-A308-7BF245F2B43C}.Release|Any CPU.ActiveCfg = Release|Any CPU
		{BFD851DD-67F6-47AF-A308-7BF245F2B43C}.Release|Any CPU.Build.0 = Release|Any CPU
		{98E3DE8C-5974-450E-90BF-9EE3CBCC6A86}.Debug|Any CPU.ActiveCfg = Debug|Any CPU
		{98E3DE8C-5974-450E-90BF-9EE3CBCC6A86}.Debug|Any CPU.Build.0 = Debug|Any CPU
		{98E3DE8C-5974-450E-90BF-9EE3CBCC6A86}.Release|Any CPU.ActiveCfg = Release|Any CPU
		{98E3DE8C-5974-450E-90BF-9EE3CBCC6A86}.Release|Any CPU.Build.0 = Release|Any CPU
		{2F957461-5BE1-4FBC-9CD9-DDA81F36D493}.Debug|Any CPU.ActiveCfg = Debug|Any CPU
		{2F957461-5BE1-4FBC-9CD9-DDA81F36D493}.Debug|Any CPU.Build.0 = Debug|Any CPU
		{2F957461-5BE1-4FBC-9CD9-DDA81F36D493}.Release|Any CPU.ActiveCfg = Release|Any CPU
		{2F957461-5BE1-4FBC-9CD9-DDA81F36D493}.Release|Any CPU.Build.0 = Release|Any CPU
		{F0535619-B870-4E1D-A740-8D507CB60E1E}.Debug|Any CPU.ActiveCfg = Debug|Any CPU
		{F0535619-B870-4E1D-A740-8D507CB60E1E}.Debug|Any CPU.Build.0 = Debug|Any CPU
		{F0535619-B870-4E1D-A740-8D507CB60E1E}.Release|Any CPU.ActiveCfg = Release|Any CPU
		{F0535619-B870-4E1D-A740-8D507CB60E1E}.Release|Any CPU.Build.0 = Release|Any CPU
		{242E2C87-EC76-451B-BF4D-8B479076925F}.Debug|Any CPU.ActiveCfg = Debug|Any CPU
		{242E2C87-EC76-451B-BF4D-8B479076925F}.Debug|Any CPU.Build.0 = Debug|Any CPU
		{242E2C87-EC76-451B-BF4D-8B479076925F}.Release|Any CPU.ActiveCfg = Release|Any CPU
		{242E2C87-EC76-451B-BF4D-8B479076925F}.Release|Any CPU.Build.0 = Release|Any CPU
		{D13953CC-170F-44FC-9D4D-605C2EC9B7CA}.Debug|Any CPU.ActiveCfg = Debug|Any CPU
		{D13953CC-170F-44FC-9D4D-605C2EC9B7CA}.Debug|Any CPU.Build.0 = Debug|Any CPU
		{D13953CC-170F-44FC-9D4D-605C2EC9B7CA}.Release|Any CPU.ActiveCfg = Release|Any CPU
		{D13953CC-170F-44FC-9D4D-605C2EC9B7CA}.Release|Any CPU.Build.0 = Release|Any CPU
		{A82833BF-5E08-4D40-A4BD-5BD9CF71A032}.Debug|Any CPU.ActiveCfg = Debug|Any CPU
		{A82833BF-5E08-4D40-A4BD-5BD9CF71A032}.Debug|Any CPU.Build.0 = Debug|Any CPU
		{A82833BF-5E08-4D40-A4BD-5BD9CF71A032}.Release|Any CPU.ActiveCfg = Release|Any CPU
		{A82833BF-5E08-4D40-A4BD-5BD9CF71A032}.Release|Any CPU.Build.0 = Release|Any CPU
		{90B440CB-F1E2-43B6-9803-8538FD1715A8}.Debug|Any CPU.ActiveCfg = Debug|Any CPU
		{90B440CB-F1E2-43B6-9803-8538FD1715A8}.Debug|Any CPU.Build.0 = Debug|Any CPU
		{90B440CB-F1E2-43B6-9803-8538FD1715A8}.Release|Any CPU.ActiveCfg = Release|Any CPU
		{90B440CB-F1E2-43B6-9803-8538FD1715A8}.Release|Any CPU.Build.0 = Release|Any CPU
		{4A75FCBF-0FBB-4695-B877-11907FE8790A}.Debug|Any CPU.ActiveCfg = Debug|Any CPU
		{4A75FCBF-0FBB-4695-B877-11907FE8790A}.Debug|Any CPU.Build.0 = Debug|Any CPU
		{4A75FCBF-0FBB-4695-B877-11907FE8790A}.Release|Any CPU.ActiveCfg = Release|Any CPU
		{4A75FCBF-0FBB-4695-B877-11907FE8790A}.Release|Any CPU.Build.0 = Release|Any CPU
		{C8679191-2CC5-40AB-9DEA-D08EAF1B0A0B}.Debug|Any CPU.ActiveCfg = Debug|Any CPU
		{C8679191-2CC5-40AB-9DEA-D08EAF1B0A0B}.Debug|Any CPU.Build.0 = Debug|Any CPU
		{C8679191-2CC5-40AB-9DEA-D08EAF1B0A0B}.Release|Any CPU.ActiveCfg = Release|Any CPU
		{C8679191-2CC5-40AB-9DEA-D08EAF1B0A0B}.Release|Any CPU.Build.0 = Release|Any CPU
		{966DE802-0B0D-4138-87D1-F91FFD60DD42}.Debug|Any CPU.ActiveCfg = Debug|Any CPU
		{966DE802-0B0D-4138-87D1-F91FFD60DD42}.Debug|Any CPU.Build.0 = Debug|Any CPU
		{966DE802-0B0D-4138-87D1-F91FFD60DD42}.Release|Any CPU.ActiveCfg = Release|Any CPU
		{966DE802-0B0D-4138-87D1-F91FFD60DD42}.Release|Any CPU.Build.0 = Release|Any CPU
		{C7B004A6-8D08-482F-8BAC-ADA1CF38B71D}.Debug|Any CPU.ActiveCfg = Debug|Any CPU
		{C7B004A6-8D08-482F-8BAC-ADA1CF38B71D}.Debug|Any CPU.Build.0 = Debug|Any CPU
		{C7B004A6-8D08-482F-8BAC-ADA1CF38B71D}.Release|Any CPU.ActiveCfg = Release|Any CPU
		{C7B004A6-8D08-482F-8BAC-ADA1CF38B71D}.Release|Any CPU.Build.0 = Release|Any CPU
		{F042094C-D7DC-4105-8222-F4681C5B62F4}.Debug|Any CPU.ActiveCfg = Debug|Any CPU
		{F042094C-D7DC-4105-8222-F4681C5B62F4}.Debug|Any CPU.Build.0 = Debug|Any CPU
		{F042094C-D7DC-4105-8222-F4681C5B62F4}.Release|Any CPU.ActiveCfg = Release|Any CPU
		{F042094C-D7DC-4105-8222-F4681C5B62F4}.Release|Any CPU.Build.0 = Release|Any CPU
		{E2F7874E-D037-490F-B8AE-7A257E2E18E6}.Debug|Any CPU.ActiveCfg = Debug|Any CPU
		{E2F7874E-D037-490F-B8AE-7A257E2E18E6}.Debug|Any CPU.Build.0 = Debug|Any CPU
		{E2F7874E-D037-490F-B8AE-7A257E2E18E6}.Release|Any CPU.ActiveCfg = Release|Any CPU
		{E2F7874E-D037-490F-B8AE-7A257E2E18E6}.Release|Any CPU.Build.0 = Release|Any CPU
	EndGlobalSection
	GlobalSection(SolutionProperties) = preSolution
		HideSolutionNode = FALSE
	EndGlobalSection
	GlobalSection(NestedProjects) = preSolution
		{0884E96B-DB11-41CD-9FEB-DC5D3DEE43E1} = {A026FEA6-838F-4ECA-9DC7-23A9CC8592B8}
		{BFD851DD-67F6-47AF-A308-7BF245F2B43C} = {A026FEA6-838F-4ECA-9DC7-23A9CC8592B8}
		{98E3DE8C-5974-450E-90BF-9EE3CBCC6A86} = {A026FEA6-838F-4ECA-9DC7-23A9CC8592B8}
		{2F957461-5BE1-4FBC-9CD9-DDA81F36D493} = {5D6503ED-EFDE-4F77-9D7B-FF00AB4B6A5A}
		{F0535619-B870-4E1D-A740-8D507CB60E1E} = {5D6503ED-EFDE-4F77-9D7B-FF00AB4B6A5A}
		{242E2C87-EC76-451B-BF4D-8B479076925F} = {5D6503ED-EFDE-4F77-9D7B-FF00AB4B6A5A}
		{D13953CC-170F-44FC-9D4D-605C2EC9B7CA} = {662DF3D9-2542-4CFB-B64D-74929AF900F9}
		{A82833BF-5E08-4D40-A4BD-5BD9CF71A032} = {662DF3D9-2542-4CFB-B64D-74929AF900F9}
		{90B440CB-F1E2-43B6-9803-8538FD1715A8} = {662DF3D9-2542-4CFB-B64D-74929AF900F9}
		{4A75FCBF-0FBB-4695-B877-11907FE8790A} = {852E0BCF-A5E8-4915-80B2-5CC96A5FAD75}
		{C8679191-2CC5-40AB-9DEA-D08EAF1B0A0B} = {852E0BCF-A5E8-4915-80B2-5CC96A5FAD75}
		{966DE802-0B0D-4138-87D1-F91FFD60DD42} = {852E0BCF-A5E8-4915-80B2-5CC96A5FAD75}
		{C7B004A6-8D08-482F-8BAC-ADA1CF38B71D} = {4D5F0DAD-E2E7-42F3-801F-F2FDF9CBEC8D}
		{F042094C-D7DC-4105-8222-F4681C5B62F4} = {4D5F0DAD-E2E7-42F3-801F-F2FDF9CBEC8D}
		{E2F7874E-D037-490F-B8AE-7A257E2E18E6} = {4D5F0DAD-E2E7-42F3-801F-F2FDF9CBEC8D}
	EndGlobalSection
	GlobalSection(ExtensibilityGlobals) = postSolution
		SolutionGuid = {B4EC1EEF-D720-40BE-8844-D28A0FBEEB89}
	EndGlobalSection
EndGlobal
